
Microsoft Visual Studio Solution File, Format Version 12.00
Project("{FAE04EC0-301F-11D3-BF4B-00C04F79EFBC}") = "VelvetBrows", "VelvetBrows\VelvetBrows\VelvetBrows.csproj", "{CF99E7B2-D85B-4C8C-B2CE-C4819C3B02EC}"
EndProject
Project("{FAE04EC0-301F-11D3-BF4B-00C04F79EFBC}") = "VelvetBrows.Desktop", "VelvetBrows\VelvetBrows.Desktop\VelvetBrows.Desktop.csproj", "{F8E3199E-ADCF-4CE2-82CA-DDA028CA1E63}"
EndProject
Global
	GlobalSection(SolutionConfigurationPlatforms) = preSolution
		Debug|Any CPU = Debug|Any CPU
		Release|Any CPU = Release|Any CPU
	EndGlobalSection
	GlobalSection(ProjectConfigurationPlatforms) = postSolution
		{CF99E7B2-D85B-4C8C-B2CE-C4819C3B02EC}.Debug|Any CPU.ActiveCfg = Debug|Any CPU
		{CF99E7B2-D85B-4C8C-B2CE-C4819C3B02EC}.Debug|Any CPU.Build.0 = Debug|Any CPU
		{CF99E7B2-D85B-4C8C-B2CE-C4819C3B02EC}.Release|Any CPU.ActiveCfg = Release|Any CPU
		{CF99E7B2-D85B-4C8C-B2CE-C4819C3B02EC}.Release|Any CPU.Build.0 = Release|Any CPU
		{F8E3199E-ADCF-4CE2-82CA-DDA028CA1E63}.Debug|Any CPU.ActiveCfg = Debug|Any CPU
		{F8E3199E-ADCF-4CE2-82CA-DDA028CA1E63}.Debug|Any CPU.Build.0 = Debug|Any CPU
		{F8E3199E-ADCF-4CE2-82CA-DDA028CA1E63}.Release|Any CPU.ActiveCfg = Release|Any CPU
		{F8E3199E-ADCF-4CE2-82CA-DDA028CA1E63}.Release|Any CPU.Build.0 = Release|Any CPU
	EndGlobalSection
EndGlobal
